// !$*UTF8*$!
{
	archiveVersion = 1;
	classes = {
	};
	objectVersion = 56;
	objects = {

/* Begin PBXBuildFile section */
		9A7064C229AA1E790049E29B /* AppDelegate.swift in Sources */ = {isa = PBXBuildFile; fileRef = 9A7064C129AA1E790049E29B /* AppDelegate.swift */; };
		9A7064C429AA1E790049E29B /* ContentView.swift in Sources */ = {isa = PBXBuildFile; fileRef = 9A7064C329AA1E790049E29B /* ContentView.swift */; };
		9A7064C629AA1E790049E29B /* Experience.rcproject in Sources */ = {isa = PBXBuildFile; fileRef = 9A7064C529AA1E790049E29B /* Experience.rcproject */; };
		9A7064C829AA1E7B0049E29B /* Assets.xcassets in Resources */ = {isa = PBXBuildFile; fileRef = 9A7064C729AA1E7B0049E29B /* Assets.xcassets */; };
		9A7064CB29AA1E7B0049E29B /* Preview Assets.xcassets in Resources */ = {isa = PBXBuildFile; fileRef = 9A7064CA29AA1E7B0049E29B /* Preview Assets.xcassets */; };
		9A7064D529AA1E7B0049E29B /* AURumTests.swift in Sources */ = {isa = PBXBuildFile; fileRef = 9A7064D429AA1E7B0049E29B /* AURumTests.swift */; };
		9A7064DF29AA1E7B0049E29B /* AURumUITests.swift in Sources */ = {isa = PBXBuildFile; fileRef = 9A7064DE29AA1E7B0049E29B /* AURumUITests.swift */; };
		9A7064E129AA1E7B0049E29B /* AURumUITestsLaunchTests.swift in Sources */ = {isa = PBXBuildFile; fileRef = 9A7064E029AA1E7B0049E29B /* AURumUITestsLaunchTests.swift */; };
		9A7064F029AA20A50049E29B /* ARViewContainer.swift in Sources */ = {isa = PBXBuildFile; fileRef = 9A7064EF29AA20A50049E29B /* ARViewContainer.swift */; };
		9A7064F429AA22580049E29B /* ARView+ARCoachingOverlayViewDelegate.swift in Sources */ = {isa = PBXBuildFile; fileRef = 9A7064F329AA22580049E29B /* ARView+ARCoachingOverlayViewDelegate.swift */; };
		9A7064F629AA24A20049E29B /* ARViewController.swift in Sources */ = {isa = PBXBuildFile; fileRef = 9A7064F529AA24A20049E29B /* ARViewController.swift */; };
/* End PBXBuildFile section */

/* Begin PBXContainerItemProxy section */
		9A7064D129AA1E7B0049E29B /* PBXContainerItemProxy */ = {
			isa = PBXContainerItemProxy;
			containerPortal = 9A7064B629AA1E790049E29B /* Project object */;
			proxyType = 1;
			remoteGlobalIDString = 9A7064BD29AA1E790049E29B;
			remoteInfo = AURum;
		};
		9A7064DB29AA1E7B0049E29B /* PBXContainerItemProxy */ = {
			isa = PBXContainerItemProxy;
			containerPortal = 9A7064B629AA1E790049E29B /* Project object */;
			proxyType = 1;
			remoteGlobalIDString = 9A7064BD29AA1E790049E29B;
			remoteInfo = AURum;
		};
/* End PBXContainerItemProxy section */

/* Begin PBXFileReference section */
		9A7064BE29AA1E790049E29B /* AURum.app */ = {isa = PBXFileReference; explicitFileType = wrapper.application; includeInIndex = 0; path = AURum.app; sourceTree = BUILT_PRODUCTS_DIR; };
		9A7064C129AA1E790049E29B /* AppDelegate.swift */ = {isa = PBXFileReference; lastKnownFileType = sourcecode.swift; path = AppDelegate.swift; sourceTree = "<group>"; };
		9A7064C329AA1E790049E29B /* ContentView.swift */ = {isa = PBXFileReference; lastKnownFileType = sourcecode.swift; path = ContentView.swift; sourceTree = "<group>"; };
		9A7064C529AA1E790049E29B /* Experience.rcproject */ = {isa = PBXFileReference; lastKnownFileType = file.rcproject; path = Experience.rcproject; sourceTree = "<group>"; };
		9A7064C729AA1E7B0049E29B /* Assets.xcassets */ = {isa = PBXFileReference; lastKnownFileType = folder.assetcatalog; path = Assets.xcassets; sourceTree = "<group>"; };
		9A7064CA29AA1E7B0049E29B /* Preview Assets.xcassets */ = {isa = PBXFileReference; lastKnownFileType = folder.assetcatalog; path = "Preview Assets.xcassets"; sourceTree = "<group>"; };
		9A7064D029AA1E7B0049E29B /* AURumTests.xctest */ = {isa = PBXFileReference; explicitFileType = wrapper.cfbundle; includeInIndex = 0; path = AURumTests.xctest; sourceTree = BUILT_PRODUCTS_DIR; };
		9A7064D429AA1E7B0049E29B /* AURumTests.swift */ = {isa = PBXFileReference; lastKnownFileType = sourcecode.swift; path = AURumTests.swift; sourceTree = "<group>"; };
		9A7064DA29AA1E7B0049E29B /* AURumUITests.xctest */ = {isa = PBXFileReference; explicitFileType = wrapper.cfbundle; includeInIndex = 0; path = AURumUITests.xctest; sourceTree = BUILT_PRODUCTS_DIR; };
		9A7064DE29AA1E7B0049E29B /* AURumUITests.swift */ = {isa = PBXFileReference; lastKnownFileType = sourcecode.swift; path = AURumUITests.swift; sourceTree = "<group>"; };
		9A7064E029AA1E7B0049E29B /* AURumUITestsLaunchTests.swift */ = {isa = PBXFileReference; lastKnownFileType = sourcecode.swift; path = AURumUITestsLaunchTests.swift; sourceTree = "<group>"; };
		9A7064EF29AA20A50049E29B /* ARViewContainer.swift */ = {isa = PBXFileReference; lastKnownFileType = sourcecode.swift; path = ARViewContainer.swift; sourceTree = "<group>"; };
		9A7064F329AA22580049E29B /* ARView+ARCoachingOverlayViewDelegate.swift */ = {isa = PBXFileReference; lastKnownFileType = sourcecode.swift; path = "ARView+ARCoachingOverlayViewDelegate.swift"; sourceTree = "<group>"; };
		9A7064F529AA24A20049E29B /* ARViewController.swift */ = {isa = PBXFileReference; lastKnownFileType = sourcecode.swift; path = ARViewController.swift; sourceTree = "<group>"; };
/* End PBXFileReference section */

/* Begin PBXFrameworksBuildPhase section */
		9A7064BB29AA1E790049E29B /* Frameworks */ = {
			isa = PBXFrameworksBuildPhase;
			buildActionMask = 2147483647;
			files = (
			);
			runOnlyForDeploymentPostprocessing = 0;
		};
		9A7064CD29AA1E7B0049E29B /* Frameworks */ = {
			isa = PBXFrameworksBuildPhase;
			buildActionMask = 2147483647;
			files = (
			);
			runOnlyForDeploymentPostprocessing = 0;
		};
		9A7064D729AA1E7B0049E29B /* Frameworks */ = {
			isa = PBXFrameworksBuildPhase;
			buildActionMask = 2147483647;
			files = (
			);
			runOnlyForDeploymentPostprocessing = 0;
		};
/* End PBXFrameworksBuildPhase section */

/* Begin PBXGroup section */
		9A7064B529AA1E790049E29B = {
			isa = PBXGroup;
			children = (
				9A7064C029AA1E790049E29B /* AURum */,
				9A7064D329AA1E7B0049E29B /* AURumTests */,
				9A7064DD29AA1E7B0049E29B /* AURumUITests */,
				9A7064BF29AA1E790049E29B /* Products */,
			);
			sourceTree = "<group>";
		};
		9A7064BF29AA1E790049E29B /* Products */ = {
			isa = PBXGroup;
			children = (
				9A7064BE29AA1E790049E29B /* AURum.app */,
				9A7064D029AA1E7B0049E29B /* AURumTests.xctest */,
				9A7064DA29AA1E7B0049E29B /* AURumUITests.xctest */,
			);
			name = Products;
			sourceTree = "<group>";
		};
		9A7064C029AA1E790049E29B /* AURum */ = {
			isa = PBXGroup;
			children = (
				9A7064C129AA1E790049E29B /* AppDelegate.swift */,
				9A7064C329AA1E790049E29B /* ContentView.swift */,
				9A7064C529AA1E790049E29B /* Experience.rcproject */,
				9A7064C729AA1E7B0049E29B /* Assets.xcassets */,
				9A7064C929AA1E7B0049E29B /* Preview Content */,
				9A7064EF29AA20A50049E29B /* ARViewContainer.swift */,
				9A7064F329AA22580049E29B /* ARView+ARCoachingOverlayViewDelegate.swift */,
				9A7064F529AA24A20049E29B /* ARViewController.swift */,
			);
			path = AURum;
			sourceTree = "<group>";
		};
		9A7064C929AA1E7B0049E29B /* Preview Content */ = {
			isa = PBXGroup;
			children = (
				9A7064CA29AA1E7B0049E29B /* Preview Assets.xcassets */,
			);
			path = "Preview Content";
			sourceTree = "<group>";
		};
		9A7064D329AA1E7B0049E29B /* AURumTests */ = {
			isa = PBXGroup;
			children = (
				9A7064D429AA1E7B0049E29B /* AURumTests.swift */,
			);
			path = AURumTests;
			sourceTree = "<group>";
		};
		9A7064DD29AA1E7B0049E29B /* AURumUITests */ = {
			isa = PBXGroup;
			children = (
				9A7064DE29AA1E7B0049E29B /* AURumUITests.swift */,
				9A7064E029AA1E7B0049E29B /* AURumUITestsLaunchTests.swift */,
			);
			path = AURumUITests;
			sourceTree = "<group>";
		};
/* End PBXGroup section */

/* Begin PBXNativeTarget section */
		9A7064BD29AA1E790049E29B /* AURum */ = {
			isa = PBXNativeTarget;
			buildConfigurationList = 9A7064E429AA1E7B0049E29B /* Build configuration list for PBXNativeTarget "AURum" */;
			buildPhases = (
				9A7064BA29AA1E790049E29B /* Sources */,
				9A7064BB29AA1E790049E29B /* Frameworks */,
				9A7064BC29AA1E790049E29B /* Resources */,
			);
			buildRules = (
			);
			dependencies = (
			);
			name = AURum;
			productName = AURum;
			productReference = 9A7064BE29AA1E790049E29B /* AURum.app */;
			productType = "com.apple.product-type.application";
		};
		9A7064CF29AA1E7B0049E29B /* AURumTests */ = {
			isa = PBXNativeTarget;
			buildConfigurationList = 9A7064E729AA1E7B0049E29B /* Build configuration list for PBXNativeTarget "AURumTests" */;
			buildPhases = (
				9A7064CC29AA1E7B0049E29B /* Sources */,
				9A7064CD29AA1E7B0049E29B /* Frameworks */,
				9A7064CE29AA1E7B0049E29B /* Resources */,
			);
			buildRules = (
			);
			dependencies = (
				9A7064D229AA1E7B0049E29B /* PBXTargetDependency */,
			);
			name = AURumTests;
			productName = AURumTests;
			productReference = 9A7064D029AA1E7B0049E29B /* AURumTests.xctest */;
			productType = "com.apple.product-type.bundle.unit-test";
		};
		9A7064D929AA1E7B0049E29B /* AURumUITests */ = {
			isa = PBXNativeTarget;
			buildConfigurationList = 9A7064EA29AA1E7B0049E29B /* Build configuration list for PBXNativeTarget "AURumUITests" */;
			buildPhases = (
				9A7064D629AA1E7B0049E29B /* Sources */,
				9A7064D729AA1E7B0049E29B /* Frameworks */,
				9A7064D829AA1E7B0049E29B /* Resources */,
			);
			buildRules = (
			);
			dependencies = (
				9A7064DC29AA1E7B0049E29B /* PBXTargetDependency */,
			);
			name = AURumUITests;
			productName = AURumUITests;
			productReference = 9A7064DA29AA1E7B0049E29B /* AURumUITests.xctest */;
			productType = "com.apple.product-type.bundle.ui-testing";
		};
/* End PBXNativeTarget section */

/* Begin PBXProject section */
		9A7064B629AA1E790049E29B /* Project object */ = {
			isa = PBXProject;
			attributes = {
				BuildIndependentTargetsInParallel = 1;
				LastSwiftUpdateCheck = 1420;
				LastUpgradeCheck = 1420;
				TargetAttributes = {
					9A7064BD29AA1E790049E29B = {
						CreatedOnToolsVersion = 14.2;
					};
					9A7064CF29AA1E7B0049E29B = {
						CreatedOnToolsVersion = 14.2;
						TestTargetID = 9A7064BD29AA1E790049E29B;
					};
					9A7064D929AA1E7B0049E29B = {
						CreatedOnToolsVersion = 14.2;
						TestTargetID = 9A7064BD29AA1E790049E29B;
					};
				};
			};
			buildConfigurationList = 9A7064B929AA1E790049E29B /* Build configuration list for PBXProject "AURum" */;
			compatibilityVersion = "Xcode 14.0";
			developmentRegion = en;
			hasScannedForEncodings = 0;
			knownRegions = (
				en,
				Base,
			);
			mainGroup = 9A7064B529AA1E790049E29B;
			productRefGroup = 9A7064BF29AA1E790049E29B /* Products */;
			projectDirPath = "";
			projectRoot = "";
			targets = (
				9A7064BD29AA1E790049E29B /* AURum */,
				9A7064CF29AA1E7B0049E29B /* AURumTests */,
				9A7064D929AA1E7B0049E29B /* AURumUITests */,
			);
		};
/* End PBXProject section */

/* Begin PBXResourcesBuildPhase section */
		9A7064BC29AA1E790049E29B /* Resources */ = {
			isa = PBXResourcesBuildPhase;
			buildActionMask = 2147483647;
			files = (
				9A7064CB29AA1E7B0049E29B /* Preview Assets.xcassets in Resources */,
				9A7064C829AA1E7B0049E29B /* Assets.xcassets in Resources */,
			);
			runOnlyForDeploymentPostprocessing = 0;
		};
		9A7064CE29AA1E7B0049E29B /* Resources */ = {
			isa = PBXResourcesBuildPhase;
			buildActionMask = 2147483647;
			files = (
			);
			runOnlyForDeploymentPostprocessing = 0;
		};
		9A7064D829AA1E7B0049E29B /* Resources */ = {
			isa = PBXResourcesBuildPhase;
			buildActionMask = 2147483647;
			files = (
			);
			runOnlyForDeploymentPostprocessing = 0;
		};
/* End PBXResourcesBuildPhase section */

/* Begin PBXSourcesBuildPhase section */
		9A7064BA29AA1E790049E29B /* Sources */ = {
			isa = PBXSourcesBuildPhase;
			buildActionMask = 2147483647;
			files = (
				9A7064C429AA1E790049E29B /* ContentView.swift in Sources */,
				9A7064C229AA1E790049E29B /* AppDelegate.swift in Sources */,
				9A7064C629AA1E790049E29B /* Experience.rcproject in Sources */,
				9A7064F629AA24A20049E29B /* ARViewController.swift in Sources */,
				9A7064F429AA22580049E29B /* ARView+ARCoachingOverlayViewDelegate.swift in Sources */,
				9A7064F029AA20A50049E29B /* ARViewContainer.swift in Sources */,
			);
			runOnlyForDeploymentPostprocessing = 0;
		};
		9A7064CC29AA1E7B0049E29B /* Sources */ = {
			isa = PBXSourcesBuildPhase;
			buildActionMask = 2147483647;
			files = (
				9A7064D529AA1E7B0049E29B /* AURumTests.swift in Sources */,
			);
			runOnlyForDeploymentPostprocessing = 0;
		};
		9A7064D629AA1E7B0049E29B /* Sources */ = {
			isa = PBXSourcesBuildPhase;
			buildActionMask = 2147483647;
			files = (
				9A7064DF29AA1E7B0049E29B /* AURumUITests.swift in Sources */,
				9A7064E129AA1E7B0049E29B /* AURumUITestsLaunchTests.swift in Sources */,
			);
			runOnlyForDeploymentPostprocessing = 0;
		};
/* End PBXSourcesBuildPhase section */

/* Begin PBXTargetDependency section */
		9A7064D229AA1E7B0049E29B /* PBXTargetDependency */ = {
			isa = PBXTargetDependency;
			target = 9A7064BD29AA1E790049E29B /* AURum */;
			targetProxy = 9A7064D129AA1E7B0049E29B /* PBXContainerItemProxy */;
		};
		9A7064DC29AA1E7B0049E29B /* PBXTargetDependency */ = {
			isa = PBXTargetDependency;
			target = 9A7064BD29AA1E790049E29B /* AURum */;
			targetProxy = 9A7064DB29AA1E7B0049E29B /* PBXContainerItemProxy */;
		};
/* End PBXTargetDependency section */

/* Begin XCBuildConfiguration section */
		9A7064E229AA1E7B0049E29B /* Debug */ = {
			isa = XCBuildConfiguration;
			buildSettings = {
				ALWAYS_SEARCH_USER_PATHS = NO;
				CLANG_ANALYZER_NONNULL = YES;
				CLANG_ANALYZER_NUMBER_OBJECT_CONVERSION = YES_AGGRESSIVE;
				CLANG_CXX_LANGUAGE_STANDARD = "gnu++20";
				CLANG_ENABLE_MODULES = YES;
				CLANG_ENABLE_OBJC_ARC = YES;
				CLANG_ENABLE_OBJC_WEAK = YES;
				CLANG_WARN_BLOCK_CAPTURE_AUTORELEASING = YES;
				CLANG_WARN_BOOL_CONVERSION = YES;
				CLANG_WARN_COMMA = YES;
				CLANG_WARN_CONSTANT_CONVERSION = YES;
				CLANG_WARN_DEPRECATED_OBJC_IMPLEMENTATIONS = YES;
				CLANG_WARN_DIRECT_OBJC_ISA_USAGE = YES_ERROR;
				CLANG_WARN_DOCUMENTATION_COMMENTS = YES;
				CLANG_WARN_EMPTY_BODY = YES;
				CLANG_WARN_ENUM_CONVERSION = YES;
				CLANG_WARN_INFINITE_RECURSION = YES;
				CLANG_WARN_INT_CONVERSION = YES;
				CLANG_WARN_NON_LITERAL_NULL_CONVERSION = YES;
				CLANG_WARN_OBJC_IMPLICIT_RETAIN_SELF = YES;
				CLANG_WARN_OBJC_LITERAL_CONVERSION = YES;
				CLANG_WARN_OBJC_ROOT_CLASS = YES_ERROR;
				CLANG_WARN_QUOTED_INCLUDE_IN_FRAMEWORK_HEADER = YES;
				CLANG_WARN_RANGE_LOOP_ANALYSIS = YES;
				CLANG_WARN_STRICT_PROTOTYPES = YES;
				CLANG_WARN_SUSPICIOUS_MOVE = YES;
				CLANG_WARN_UNGUARDED_AVAILABILITY = YES_AGGRESSIVE;
				CLANG_WARN_UNREACHABLE_CODE = YES;
				CLANG_WARN__DUPLICATE_METHOD_MATCH = YES;
				COPY_PHASE_STRIP = NO;
				DEBUG_INFORMATION_FORMAT = dwarf;
				ENABLE_STRICT_OBJC_MSGSEND = YES;
				ENABLE_TESTABILITY = YES;
				GCC_C_LANGUAGE_STANDARD = gnu11;
				GCC_DYNAMIC_NO_PIC = NO;
				GCC_NO_COMMON_BLOCKS = YES;
				GCC_OPTIMIZATION_LEVEL = 0;
				GCC_PREPROCESSOR_DEFINITIONS = (
					"DEBUG=1",
					"$(inherited)",
				);
				GCC_WARN_64_TO_32_BIT_CONVERSION = YES;
				GCC_WARN_ABOUT_RETURN_TYPE = YES_ERROR;
				GCC_WARN_UNDECLARED_SELECTOR = YES;
				GCC_WARN_UNINITIALIZED_AUTOS = YES_AGGRESSIVE;
				GCC_WARN_UNUSED_FUNCTION = YES;
				GCC_WARN_UNUSED_VARIABLE = YES;
				IPHONEOS_DEPLOYMENT_TARGET = 16.2;
				MTL_ENABLE_DEBUG_INFO = INCLUDE_SOURCE;
				MTL_FAST_MATH = YES;
				ONLY_ACTIVE_ARCH = YES;
				SDKROOT = iphoneos;
				SWIFT_ACTIVE_COMPILATION_CONDITIONS = DEBUG;
				SWIFT_OPTIMIZATION_LEVEL = "-Onone";
			};
			name = Debug;
		};
		9A7064E329AA1E7B0049E29B /* Release */ = {
			isa = XCBuildConfiguration;
			buildSettings = {
				ALWAYS_SEARCH_USER_PATHS = NO;
				CLANG_ANALYZER_NONNULL = YES;
				CLANG_ANALYZER_NUMBER_OBJECT_CONVERSION = YES_AGGRESSIVE;
				CLANG_CXX_LANGUAGE_STANDARD = "gnu++20";
				CLANG_ENABLE_MODULES = YES;
				CLANG_ENABLE_OBJC_ARC = YES;
				CLANG_ENABLE_OBJC_WEAK = YES;
				CLANG_WARN_BLOCK_CAPTURE_AUTORELEASING = YES;
				CLANG_WARN_BOOL_CONVERSION = YES;
				CLANG_WARN_COMMA = YES;
				CLANG_WARN_CONSTANT_CONVERSION = YES;
				CLANG_WARN_DEPRECATED_OBJC_IMPLEMENTATIONS = YES;
				CLANG_WARN_DIRECT_OBJC_ISA_USAGE = YES_ERROR;
				CLANG_WARN_DOCUMENTATION_COMMENTS = YES;
				CLANG_WARN_EMPTY_BODY = YES;
				CLANG_WARN_ENUM_CONVERSION = YES;
				CLANG_WARN_INFINITE_RECURSION = YES;
				CLANG_WARN_INT_CONVERSION = YES;
				CLANG_WARN_NON_LITERAL_NULL_CONVERSION = YES;
				CLANG_WARN_OBJC_IMPLICIT_RETAIN_SELF = YES;
				CLANG_WARN_OBJC_LITERAL_CONVERSION = YES;
				CLANG_WARN_OBJC_ROOT_CLASS = YES_ERROR;
				CLANG_WARN_QUOTED_INCLUDE_IN_FRAMEWORK_HEADER = YES;
				CLANG_WARN_RANGE_LOOP_ANALYSIS = YES;
				CLANG_WARN_STRICT_PROTOTYPES = YES;
				CLANG_WARN_SUSPICIOUS_MOVE = YES;
				CLANG_WARN_UNGUARDED_AVAILABILITY = YES_AGGRESSIVE;
				CLANG_WARN_UNREACHABLE_CODE = YES;
				CLANG_WARN__DUPLICATE_METHOD_MATCH = YES;
				COPY_PHASE_STRIP = NO;
				DEBUG_INFORMATION_FORMAT = "dwarf-with-dsym";
				ENABLE_NS_ASSERTIONS = NO;
				ENABLE_STRICT_OBJC_MSGSEND = YES;
				GCC_C_LANGUAGE_STANDARD = gnu11;
				GCC_NO_COMMON_BLOCKS = YES;
				GCC_WARN_64_TO_32_BIT_CONVERSION = YES;
				GCC_WARN_ABOUT_RETURN_TYPE = YES_ERROR;
				GCC_WARN_UNDECLARED_SELECTOR = YES;
				GCC_WARN_UNINITIALIZED_AUTOS = YES_AGGRESSIVE;
				GCC_WARN_UNUSED_FUNCTION = YES;
				GCC_WARN_UNUSED_VARIABLE = YES;
				IPHONEOS_DEPLOYMENT_TARGET = 16.2;
				MTL_ENABLE_DEBUG_INFO = NO;
				MTL_FAST_MATH = YES;
				SDKROOT = iphoneos;
				SWIFT_COMPILATION_MODE = wholemodule;
				SWIFT_OPTIMIZATION_LEVEL = "-O";
				VALIDATE_PRODUCT = YES;
			};
			name = Release;
		};
		9A7064E529AA1E7B0049E29B /* Debug */ = {
			isa = XCBuildConfiguration;
			buildSettings = {
				ASSETCATALOG_COMPILER_APPICON_NAME = AppIcon;
				ASSETCATALOG_COMPILER_GLOBAL_ACCENT_COLOR_NAME = AccentColor;
				CODE_SIGN_STYLE = Automatic;
				CURRENT_PROJECT_VERSION = 1;
				DEVELOPMENT_ASSET_PATHS = "\"AURum/Preview Content\"";
				DEVELOPMENT_TEAM = 9MVLBZ7VBR;
				ENABLE_PREVIEWS = YES;
				GENERATE_INFOPLIST_FILE = YES;
				INFOPLIST_KEY_NSCameraUsageDescription = "";
				INFOPLIST_KEY_UIApplicationSupportsIndirectInputEvents = YES;
				INFOPLIST_KEY_UILaunchScreen_Generation = YES;
				INFOPLIST_KEY_UIRequiredDeviceCapabilities = arkit;
				INFOPLIST_KEY_UIStatusBarHidden = YES;
				INFOPLIST_KEY_UISupportedInterfaceOrientations_iPad = "UIInterfaceOrientationPortrait UIInterfaceOrientationPortraitUpsideDown UIInterfaceOrientationLandscapeLeft UIInterfaceOrientationLandscapeRight";
				INFOPLIST_KEY_UISupportedInterfaceOrientations_iPhone = "UIInterfaceOrientationPortrait UIInterfaceOrientationLandscapeLeft UIInterfaceOrientationLandscapeRight";
				LD_RUNPATH_SEARCH_PATHS = (
					"$(inherited)",
					"@executable_path/Frameworks",
				);
				MARKETING_VERSION = 1.0;
				PRODUCT_BUNDLE_IDENTIFIER = org.standard.AURum;
				PRODUCT_NAME = "$(TARGET_NAME)";
				SWIFT_EMIT_LOC_STRINGS = YES;
				SWIFT_VERSION = 5.0;
				TARGETED_DEVICE_FAMILY = "1,2";
			};
			name = Debug;
		};
		9A7064E629AA1E7B0049E29B /* Release */ = {
			isa = XCBuildConfiguration;
			buildSettings = {
				ASSETCATALOG_COMPILER_APPICON_NAME = AppIcon;
				ASSETCATALOG_COMPILER_GLOBAL_ACCENT_COLOR_NAME = AccentColor;
				CODE_SIGN_STYLE = Automatic;
				CURRENT_PROJECT_VERSION = 1;
				DEVELOPMENT_ASSET_PATHS = "\"AURum/Preview Content\"";
				DEVELOPMENT_TEAM = 9MVLBZ7VBR;
				ENABLE_PREVIEWS = YES;
				GENERATE_INFOPLIST_FILE = YES;
				INFOPLIST_KEY_NSCameraUsageDescription = "";
				INFOPLIST_KEY_UIApplicationSupportsIndirectInputEvents = YES;
				INFOPLIST_KEY_UILaunchScreen_Generation = YES;
				INFOPLIST_KEY_UIRequiredDeviceCapabilities = arkit;
				INFOPLIST_KEY_UIStatusBarHidden = YES;
				INFOPLIST_KEY_UISupportedInterfaceOrientations_iPad = "UIInterfaceOrientationPortrait UIInterfaceOrientationPortraitUpsideDown UIInterfaceOrientationLandscapeLeft UIInterfaceOrientationLandscapeRight";
				INFOPLIST_KEY_UISupportedInterfaceOrientations_iPhone = "UIInterfaceOrientationPortrait UIInterfaceOrientationLandscapeLeft UIInterfaceOrientationLandscapeRight";
				LD_RUNPATH_SEARCH_PATHS = (
					"$(inherited)",
					"@executable_path/Frameworks",
				);
				MARKETING_VERSION = 1.0;
				PRODUCT_BUNDLE_IDENTIFIER = org.standard.AURum;
				PRODUCT_NAME = "$(TARGET_NAME)";
				SWIFT_EMIT_LOC_STRINGS = YES;
				SWIFT_VERSION = 5.0;
				TARGETED_DEVICE_FAMILY = "1,2";
			};
			name = Release;
		};
		9A7064E829AA1E7B0049E29B /* Debug */ = {
			isa = XCBuildConfiguration;
			buildSettings = {
				ALWAYS_EMBED_SWIFT_STANDARD_LIBRARIES = YES;
				BUNDLE_LOADER = "$(TEST_HOST)";
				CODE_SIGN_STYLE = Automatic;
				CURRENT_PROJECT_VERSION = 1;
				DEVELOPMENT_TEAM = 9MVLBZ7VBR;
				GENERATE_INFOPLIST_FILE = YES;
				IPHONEOS_DEPLOYMENT_TARGET = 16.2;
				MARKETING_VERSION = 1.0;
				PRODUCT_BUNDLE_IDENTIFIER = org.standard.AURumTests;
				PRODUCT_NAME = "$(TARGET_NAME)";
				SWIFT_EMIT_LOC_STRINGS = NO;
				SWIFT_VERSION = 5.0;
				TARGETED_DEVICE_FAMILY = "1,2";
				TEST_HOST = "$(BUILT_PRODUCTS_DIR)/AURum.app/$(BUNDLE_EXECUTABLE_FOLDER_PATH)/AURum";
			};
			name = Debug;
		};
		9A7064E929AA1E7B0049E29B /* Release */ = {
			isa = XCBuildConfiguration;
			buildSettings = {
				ALWAYS_EMBED_SWIFT_STANDARD_LIBRARIES = YES;
				BUNDLE_LOADER = "$(TEST_HOST)";
				CODE_SIGN_STYLE = Automatic;
				CURRENT_PROJECT_VERSION = 1;
				DEVELOPMENT_TEAM = 9MVLBZ7VBR;
				GENERATE_INFOPLIST_FILE = YES;
				IPHONEOS_DEPLOYMENT_TARGET = 16.2;
				MARKETING_VERSION = 1.0;
				PRODUCT_BUNDLE_IDENTIFIER = org.standard.AURumTests;
				PRODUCT_NAME = "$(TARGET_NAME)";
				SWIFT_EMIT_LOC_STRINGS = NO;
				SWIFT_VERSION = 5.0;
				TARGETED_DEVICE_FAMILY = "1,2";
				TEST_HOST = "$(BUILT_PRODUCTS_DIR)/AURum.app/$(BUNDLE_EXECUTABLE_FOLDER_PATH)/AURum";
			};
			name = Release;
		};
		9A7064EB29AA1E7B0049E29B /* Debug */ = {
			isa = XCBuildConfiguration;
			buildSettings = {
				ALWAYS_EMBED_SWIFT_STANDARD_LIBRARIES = YES;
				CODE_SIGN_STYLE = Automatic;
				CURRENT_PROJECT_VERSION = 1;
				DEVELOPMENT_TEAM = 9MVLBZ7VBR;
				GENERATE_INFOPLIST_FILE = YES;
				MARKETING_VERSION = 1.0;
				PRODUCT_BUNDLE_IDENTIFIER = org.standard.AURumUITests;
				PRODUCT_NAME = "$(TARGET_NAME)";
				SWIFT_EMIT_LOC_STRINGS = NO;
				SWIFT_VERSION = 5.0;
				TARGETED_DEVICE_FAMILY = "1,2";
				TEST_TARGET_NAME = AURum;
			};
			name = Debug;
		};
		9A7064EC29AA1E7B0049E29B /* Release */ = {
			isa = XCBuildConfiguration;
			buildSettings = {
				ALWAYS_EMBED_SWIFT_STANDARD_LIBRARIES = YES;
				CODE_SIGN_STYLE = Automatic;
				CURRENT_PROJECT_VERSION = 1;
				DEVELOPMENT_TEAM = 9MVLBZ7VBR;
				GENERATE_INFOPLIST_FILE = YES;
				MARKETING_VERSION = 1.0;
				PRODUCT_BUNDLE_IDENTIFIER = org.standard.AURumUITests;
				PRODUCT_NAME = "$(TARGET_NAME)";
				SWIFT_EMIT_LOC_STRINGS = NO;
				SWIFT_VERSION = 5.0;
				TARGETED_DEVICE_FAMILY = "1,2";
				TEST_TARGET_NAME = AURum;
			};
			name = Release;
		};
/* End XCBuildConfiguration section */

/* Begin XCConfigurationList section */
		9A7064B929AA1E790049E29B /* Build configuration list for PBXProject "AURum" */ = {
			isa = XCConfigurationList;
			buildConfigurations = (
				9A7064E229AA1E7B0049E29B /* Debug */,
				9A7064E329AA1E7B0049E29B /* Release */,
			);
			defaultConfigurationIsVisible = 0;
			defaultConfigurationName = Release;
		};
		9A7064E429AA1E7B0049E29B /* Build configuration list for PBXNativeTarget "AURum" */ = {
			isa = XCConfigurationList;
			buildConfigurations = (
				9A7064E529AA1E7B0049E29B /* Debug */,
				9A7064E629AA1E7B0049E29B /* Release */,
			);
			defaultConfigurationIsVisible = 0;
			defaultConfigurationName = Release;
		};
		9A7064E729AA1E7B0049E29B /* Build configuration list for PBXNativeTarget "AURumTests" */ = {
			isa = XCConfigurationList;
			buildConfigurations = (
				9A7064E829AA1E7B0049E29B /* Debug */,
				9A7064E929AA1E7B0049E29B /* Release */,
			);
			defaultConfigurationIsVisible = 0;
			defaultConfigurationName = Release;
		};
		9A7064EA29AA1E7B0049E29B /* Build configuration list for PBXNativeTarget "AURumUITests" */ = {
			isa = XCConfigurationList;
			buildConfigurations = (
				9A7064EB29AA1E7B0049E29B /* Debug */,
				9A7064EC29AA1E7B0049E29B /* Release */,
			);
			defaultConfigurationIsVisible = 0;
			defaultConfigurationName = Release;
		};
/* End XCConfigurationList section */
	};
	rootObject = 9A7064B629AA1E790049E29B /* Project object */;
}
